PODS:
  - AFNetworking (3.2.1):
    - AFNetworking/NSURLSession (= 3.2.1)
    - AFNetworking/Reachability (= 3.2.1)
    - AFNetworking/Security (= 3.2.1)
    - AFNetworking/Serialization (= 3.2.1)
    - AFNetworking/UIKit (= 3.2.1)
  - AFNetworking/NSURLSession (3.2.1):
    - AFNetworking/Reachability
    - AFNetworking/Security
    - AFNetworking/Serialization
  - AFNetworking/Reachability (3.2.1)
  - AFNetworking/Security (3.2.1)
  - AFNetworking/Serialization (3.2.1)
  - AFNetworking/UIKit (3.2.1):
    - AFNetworking/NSURLSession
  - AvoidCrash (2.5.2)
  - Bugly (2.4.8)
  - IQKeyboardManager (6.2.0)
  - Masonry (1.1.0)
  - MBProgressHUD (1.0.0)
  - MJRefresh (3.1.15.7)
  - SDWebImage (3.8.2):
    - SDWebImage/Core (= 3.8.2)
  - SDWebImage/Core (3.8.2)
  - YTKNetwork (2.0.4):
    - AFNetworking (~> 3.0)
  - YYKit (1.0.9):
    - YYKit/no-arc (= 1.0.9)
  - YYKit/no-arc (1.0.9)

DEPENDENCIES:
  - AFNetworking (~> 3.0)
  - AvoidCrash (~> 2.5.2)
  - Bugly (~> 2.4.8)
  - IQKeyboardManager
  - Masonry
  - MBProgressHUD (~> 1.0.0)
  - MJRefresh
  - SDWebImage (~> 3.8)
  - YTKNetwork
  - YYKit

SPEC REPOS:
  https://github.com/cocoapods/specs.git:
    - AFNetworking
    - AvoidCrash
    - Bugly
    - IQKeyboardManager
    - Masonry
    - MBProgressHUD
    - MJRefresh
    - SDWebImage
    - YTKNetwork
    - YYKit

SPEC CHECKSUMS:
  AFNetworking: b6f891fdfaed196b46c7a83cf209e09697b94057
  AvoidCrash: 28c6916fe19bd2b84126b8dec7cbe61c9a12741d
  Bugly: da3c02408c14838d498429320545a8e439392978
  IQKeyboardManager: 6194101620b73af5e67900b8f89707a99de0b804
  Masonry: 678fab65091a9290e40e2832a55e7ab731aad201
  MBProgressHUD: 4890f671c94e8a0f3cf959aa731e9de2f036d71a
  MJRefresh: 697f8ec75ebdbe9207767bb682cf0f51b0d8a41f
  SDWebImage: 098e97e6176540799c27e804c96653ee0833d13c
  YTKNetwork: df8a7a5597bda1664a4efaa7ef871a818a887fe0
  YYKit: 7cda43304a8dc3696c449041e2cb3107b4e236e7

PODFILE CHECKSUM: 2f8953d934b16214a11615679b16dbf9363b26e4

COCOAPODS: 1.5.3
